// !$*UTF8*$!
{
	archiveVersion = 1;
	classes = {
	};
	objectVersion = 50;
	objects = {

/* Begin PBXBuildFile section */
		A76D2D9F2641937A00811617 /* AppDelegate.swift in Sources */ = {isa = PBXBuildFile; fileRef = A76D2D9E2641937A00811617 /* AppDelegate.swift */; };
		A76D2DA12641937A00811617 /* SceneDelegate.swift in Sources */ = {isa = PBXBuildFile; fileRef = A76D2DA02641937A00811617 /* SceneDelegate.swift */; };
		A76D2DA32641937A00811617 /* ViewController.swift in Sources */ = {isa = PBXBuildFile; fileRef = A76D2DA22641937A00811617 /* ViewController.swift */; };
		A76D2DA62641937A00811617 /* Main.storyboard in Resources */ = {isa = PBXBuildFile; fileRef = A76D2DA42641937A00811617 /* Main.storyboard */; };
		A76D2DA92641937A00811617 /* Rick_and_Morty_job_test_app.xcdatamodeld in Sources */ = {isa = PBXBuildFile; fileRef = A76D2DA72641937A00811617 /* Rick_and_Morty_job_test_app.xcdatamodeld */; };
		A76D2DAB2641937D00811617 /* Assets.xcassets in Resources */ = {isa = PBXBuildFile; fileRef = A76D2DAA2641937D00811617 /* Assets.xcassets */; };
		A76D2DAE2641937D00811617 /* LaunchScreen.storyboard in Resources */ = {isa = PBXBuildFile; fileRef = A76D2DAC2641937D00811617 /* LaunchScreen.storyboard */; };
/* End PBXBuildFile section */

/* Begin PBXFileReference section */
		A76D2D9B2641937A00811617 /* Rick-and-Morty-job-test-app.app */ = {isa = PBXFileReference; explicitFileType = wrapper.application; includeInIndex = 0; path = "Rick-and-Morty-job-test-app.app"; sourceTree = BUILT_PRODUCTS_DIR; };
		A76D2D9E2641937A00811617 /* AppDelegate.swift */ = {isa = PBXFileReference; lastKnownFileType = sourcecode.swift; path = AppDelegate.swift; sourceTree = "<group>"; };
		A76D2DA02641937A00811617 /* SceneDelegate.swift */ = {isa = PBXFileReference; lastKnownFileType = sourcecode.swift; path = SceneDelegate.swift; sourceTree = "<group>"; };
		A76D2DA22641937A00811617 /* ViewController.swift */ = {isa = PBXFileReference; lastKnownFileType = sourcecode.swift; path = ViewController.swift; sourceTree = "<group>"; };
		A76D2DA52641937A00811617 /* Base */ = {isa = PBXFileReference; lastKnownFileType = file.storyboard; name = Base; path = Base.lproj/Main.storyboard; sourceTree = "<group>"; };
		A76D2DA82641937A00811617 /* Rick_and_Morty_job_test_app.xcdatamodel */ = {isa = PBXFileReference; lastKnownFileType = wrapper.xcdatamodel; path = Rick_and_Morty_job_test_app.xcdatamodel; sourceTree = "<group>"; };
		A76D2DAA2641937D00811617 /* Assets.xcassets */ = {isa = PBXFileReference; lastKnownFileType = folder.assetcatalog; path = Assets.xcassets; sourceTree = "<group>"; };
		A76D2DAD2641937D00811617 /* Base */ = {isa = PBXFileReference; lastKnownFileType = file.storyboard; name = Base; path = Base.lproj/LaunchScreen.storyboard; sourceTree = "<group>"; };
		A76D2DAF2641937D00811617 /* Info.plist */ = {isa = PBXFileReference; lastKnownFileType = text.plist.xml; path = Info.plist; sourceTree = "<group>"; };
/* End PBXFileReference section */

/* Begin PBXFrameworksBuildPhase section */
		A76D2D982641937A00811617 /* Frameworks */ = {
			isa = PBXFrameworksBuildPhase;
			buildActionMask = 2147483647;
			files = (
			);
			runOnlyForDeploymentPostprocessing = 0;
		};
/* End PBXFrameworksBuildPhase section */

/* Begin PBXGroup section */
		A76D2D922641937A00811617 = {
			isa = PBXGroup;
			children = (
				A76D2D9D2641937A00811617 /* Rick-and-Morty-job-test-app */,
				A76D2D9C2641937A00811617 /* Products */,
			);
			sourceTree = "<group>";
		};
		A76D2D9C2641937A00811617 /* Products */ = {
			isa = PBXGroup;
			children = (
				A76D2D9B2641937A00811617 /* Rick-and-Morty-job-test-app.app */,
			);
			name = Products;
			sourceTree = "<group>";
		};
		A76D2D9D2641937A00811617 /* Rick-and-Morty-job-test-app */ = {
			isa = PBXGroup;
			children = (
				A76D2D9E2641937A00811617 /* AppDelegate.swift */,
				A76D2DA02641937A00811617 /* SceneDelegate.swift */,
				A76D2DA22641937A00811617 /* ViewController.swift */,
				A76D2DA42641937A00811617 /* Main.storyboard */,
				A76D2DAA2641937D00811617 /* Assets.xcassets */,
				A76D2DAC2641937D00811617 /* LaunchScreen.storyboard */,
				A76D2DAF2641937D00811617 /* Info.plist */,
				A76D2DA72641937A00811617 /* Rick_and_Morty_job_test_app.xcdatamodeld */,
			);
			path = "Rick-and-Morty-job-test-app";
			sourceTree = "<group>";
		};
/* End PBXGroup section */

/* Begin PBXNativeTarget section */
		A76D2D9A2641937A00811617 /* Rick-and-Morty-job-test-app */ = {
			isa = PBXNativeTarget;
			buildConfigurationList = A76D2DB22641937D00811617 /* Build configuration list for PBXNativeTarget "Rick-and-Morty-job-test-app" */;
			buildPhases = (
				A76D2D972641937A00811617 /* Sources */,
				A76D2D982641937A00811617 /* Frameworks */,
				A76D2D992641937A00811617 /* Resources */,
			);
			buildRules = (
			);
			dependencies = (
			);
			name = "Rick-and-Morty-job-test-app";
			productName = "Rick-and-Morty-job-test-app";
			productReference = A76D2D9B2641937A00811617 /* Rick-and-Morty-job-test-app.app */;
			productType = "com.apple.product-type.application";
		};
/* End PBXNativeTarget section */

/* Begin PBXProject section */
		A76D2D932641937A00811617 /* Project object */ = {
			isa = PBXProject;
			attributes = {
				LastSwiftUpdateCheck = 1250;
				LastUpgradeCheck = 1250;
				TargetAttributes = {
					A76D2D9A2641937A00811617 = {
						CreatedOnToolsVersion = 12.5;
					};
				};
			};
			buildConfigurationList = A76D2D962641937A00811617 /* Build configuration list for PBXProject "Rick-and-Morty-job-test-app" */;
			compatibilityVersion = "Xcode 9.3";
			developmentRegion = en;
			hasScannedForEncodings = 0;
			knownRegions = (
				en,
				Base,
			);
			mainGroup = A76D2D922641937A00811617;
			productRefGroup = A76D2D9C2641937A00811617 /* Products */;
			projectDirPath = "";
			projectRoot = "";
			targets = (
				A76D2D9A2641937A00811617 /* Rick-and-Morty-job-test-app */,
			);
		};
/* End PBXProject section */

/* Begin PBXResourcesBuildPhase section */
		A76D2D992641937A00811617 /* Resources */ = {
			isa = PBXResourcesBuildPhase;
			buildActionMask = 2147483647;
			files = (
				A76D2DAE2641937D00811617 /* LaunchScreen.storyboard in Resources */,
				A76D2DAB2641937D00811617 /* Assets.xcassets in Resources */,
				A76D2DA62641937A00811617 /* Main.storyboard in Resources */,
			);
			runOnlyForDeploymentPostprocessing = 0;
		};
/* End PBXResourcesBuildPhase section */

/* Begin PBXSourcesBuildPhase section */
		A76D2D972641937A00811617 /* Sources */ = {
			isa = PBXSourcesBuildPhase;
			buildActionMask = 2147483647;
			files = (
				A76D2DA32641937A00811617 /* ViewController.swift in Sources */,
				A76D2D9F2641937A00811617 /* AppDelegate.swift in Sources */,
				A76D2DA92641937A00811617 /* Rick_and_Morty_job_test_app.xcdatamodeld in Sources */,
				A76D2DA12641937A00811617 /* SceneDelegate.swift in Sources */,
			);
			runOnlyForDeploymentPostprocessing = 0;
		};
/* End PBXSourcesBuildPhase section */

/* Begin PBXVariantGroup section */
		A76D2DA42641937A00811617 /* Main.storyboard */ = {
			isa = PBXVariantGroup;
			children = (
				A76D2DA52641937A00811617 /* Base */,
			);
			name = Main.storyboard;
			sourceTree = "<group>";
		};
		A76D2DAC2641937D00811617 /* LaunchScreen.storyboard */ = {
			isa = PBXVariantGroup;
			children = (
				A76D2DAD2641937D00811617 /* Base */,
			);
			name = LaunchScreen.storyboard;
			sourceTree = "<group>";
		};
/* End PBXVariantGroup section */

/* Begin XCBuildConfiguration section */
		A76D2DB02641937D00811617 /* Debug */ = {
			isa = XCBuildConfiguration;
			buildSettings = {
				ALWAYS_SEARCH_USER_PATHS = NO;
				CLANG_ANALYZER_NONNULL = YES;
				CLANG_ANALYZER_NUMBER_OBJECT_CONVERSION = YES_AGGRESSIVE;
				CLANG_CXX_LANGUAGE_STANDARD = "gnu++14";
				CLANG_CXX_LIBRARY = "libc++";
				CLANG_ENABLE_MODULES = YES;
				CLANG_ENABLE_OBJC_ARC = YES;
				CLANG_ENABLE_OBJC_WEAK = YES;
				CLANG_WARN_BLOCK_CAPTURE_AUTORELEASING = YES;
				CLANG_WARN_BOOL_CONVERSION = YES;
				CLANG_WARN_COMMA = YES;
				CLANG_WARN_CONSTANT_CONVERSION = YES;
				CLANG_WARN_DEPRECATED_OBJC_IMPLEMENTATIONS = YES;
				CLANG_WARN_DIRECT_OBJC_ISA_USAGE = YES_ERROR;
				CLANG_WARN_DOCUMENTATION_COMMENTS = YES;
				CLANG_WARN_EMPTY_BODY = YES;
				CLANG_WARN_ENUM_CONVERSION = YES;
				CLANG_WARN_INFINITE_RECURSION = YES;
				CLANG_WARN_INT_CONVERSION = YES;
				CLANG_WARN_NON_LITERAL_NULL_CONVERSION = YES;
				CLANG_WARN_OBJC_IMPLICIT_RETAIN_SELF = YES;
				CLANG_WARN_OBJC_LITERAL_CONVERSION = YES;
				CLANG_WARN_OBJC_ROOT_CLASS = YES_ERROR;
				CLANG_WARN_QUOTED_INCLUDE_IN_FRAMEWORK_HEADER = YES;
				CLANG_WARN_RANGE_LOOP_ANALYSIS = YES;
				CLANG_WARN_STRICT_PROTOTYPES = YES;
				CLANG_WARN_SUSPICIOUS_MOVE = YES;
				CLANG_WARN_UNGUARDED_AVAILABILITY = YES_AGGRESSIVE;
				CLANG_WARN_UNREACHABLE_CODE = YES;
				CLANG_WARN__DUPLICATE_METHOD_MATCH = YES;
				COPY_PHASE_STRIP = NO;
				DEBUG_INFORMATION_FORMAT = dwarf;
				ENABLE_STRICT_OBJC_MSGSEND = YES;
				ENABLE_TESTABILITY = YES;
				GCC_C_LANGUAGE_STANDARD = gnu11;
				GCC_DYNAMIC_NO_PIC = NO;
				GCC_NO_COMMON_BLOCKS = YES;
				GCC_OPTIMIZATION_LEVEL = 0;
				GCC_PREPROCESSOR_DEFINITIONS = (
					"DEBUG=1",
					"$(inherited)",
				);
				GCC_WARN_64_TO_32_BIT_CONVERSION = YES;
				GCC_WARN_ABOUT_RETURN_TYPE = YES_ERROR;
				GCC_WARN_UNDECLARED_SELECTOR = YES;
				GCC_WARN_UNINITIALIZED_AUTOS = YES_AGGRESSIVE;
				GCC_WARN_UNUSED_FUNCTION = YES;
				GCC_WARN_UNUSED_VARIABLE = YES;
				IPHONEOS_DEPLOYMENT_TARGET = 14.5;
				MTL_ENABLE_DEBUG_INFO = INCLUDE_SOURCE;
				MTL_FAST_MATH = YES;
				ONLY_ACTIVE_ARCH = YES;
				SDKROOT = iphoneos;
				SWIFT_ACTIVE_COMPILATION_CONDITIONS = DEBUG;
				SWIFT_OPTIMIZATION_LEVEL = "-Onone";
			};
			name = Debug;
		};
		A76D2DB12641937D00811617 /* Release */ = {
			isa = XCBuildConfiguration;
			buildSettings = {
				ALWAYS_SEARCH_USER_PATHS = NO;
				CLANG_ANALYZER_NONNULL = YES;
				CLANG_ANALYZER_NUMBER_OBJECT_CONVERSION = YES_AGGRESSIVE;
				CLANG_CXX_LANGUAGE_STANDARD = "gnu++14";
				CLANG_CXX_LIBRARY = "libc++";
				CLANG_ENABLE_MODULES = YES;
				CLANG_ENABLE_OBJC_ARC = YES;
				CLANG_ENABLE_OBJC_WEAK = YES;
				CLANG_WARN_BLOCK_CAPTURE_AUTORELEASING = YES;
				CLANG_WARN_BOOL_CONVERSION = YES;
				CLANG_WARN_COMMA = YES;
				CLANG_WARN_CONSTANT_CONVERSION = YES;
				CLANG_WARN_DEPRECATED_OBJC_IMPLEMENTATIONS = YES;
				CLANG_WARN_DIRECT_OBJC_ISA_USAGE = YES_ERROR;
				CLANG_WARN_DOCUMENTATION_COMMENTS = YES;
				CLANG_WARN_EMPTY_BODY = YES;
				CLANG_WARN_ENUM_CONVERSION = YES;
				CLANG_WARN_INFINITE_RECURSION = YES;
				CLANG_WARN_INT_CONVERSION = YES;
				CLANG_WARN_NON_LITERAL_NULL_CONVERSION = YES;
				CLANG_WARN_OBJC_IMPLICIT_RETAIN_SELF = YES;
				CLANG_WARN_OBJC_LITERAL_CONVERSION = YES;
				CLANG_WARN_OBJC_ROOT_CLASS = YES_ERROR;
				CLANG_WARN_QUOTED_INCLUDE_IN_FRAMEWORK_HEADER = YES;
				CLANG_WARN_RANGE_LOOP_ANALYSIS = YES;
				CLANG_WARN_STRICT_PROTOTYPES = YES;
				CLANG_WARN_SUSPICIOUS_MOVE = YES;
				CLANG_WARN_UNGUARDED_AVAILABILITY = YES_AGGRESSIVE;
				CLANG_WARN_UNREACHABLE_CODE = YES;
				CLANG_WARN__DUPLICATE_METHOD_MATCH = YES;
				COPY_PHASE_STRIP = NO;
				DEBUG_INFORMATION_FORMAT = "dwarf-with-dsym";
				ENABLE_NS_ASSERTIONS = NO;
				ENABLE_STRICT_OBJC_MSGSEND = YES;
				GCC_C_LANGUAGE_STANDARD = gnu11;
				GCC_NO_COMMON_BLOCKS = YES;
				GCC_WARN_64_TO_32_BIT_CONVERSION = YES;
				GCC_WARN_ABOUT_RETURN_TYPE = YES_ERROR;
				GCC_WARN_UNDECLARED_SELECTOR = YES;
				GCC_WARN_UNINITIALIZED_AUTOS = YES_AGGRESSIVE;
				GCC_WARN_UNUSED_FUNCTION = YES;
				GCC_WARN_UNUSED_VARIABLE = YES;
				IPHONEOS_DEPLOYMENT_TARGET = 14.5;
				MTL_ENABLE_DEBUG_INFO = NO;
				MTL_FAST_MATH = YES;
				SDKROOT = iphoneos;
				SWIFT_COMPILATION_MODE = wholemodule;
				SWIFT_OPTIMIZATION_LEVEL = "-O";
				VALIDATE_PRODUCT = YES;
			};
			name = Release;
		};
		A76D2DB32641937D00811617 /* Debug */ = {
			isa = XCBuildConfiguration;
			buildSettings = {
				ASSETCATALOG_COMPILER_APPICON_NAME = AppIcon;
				ASSETCATALOG_COMPILER_GLOBAL_ACCENT_COLOR_NAME = AccentColor;
				CODE_SIGN_STYLE = Automatic;
				DEVELOPMENT_TEAM = HPM5F4QHM6;
				INFOPLIST_FILE = "Rick-and-Morty-job-test-app/Info.plist";
				LD_RUNPATH_SEARCH_PATHS = (
					"$(inherited)",
					"@executable_path/Frameworks",
				);
				PRODUCT_BUNDLE_IDENTIFIER = "MMW.Rick-and-Morty-job-test-app";
				PRODUCT_NAME = "$(TARGET_NAME)";
				SWIFT_VERSION = 5.0;
				TARGETED_DEVICE_FAMILY = "1,2";
			};
			name = Debug;
		};
		A76D2DB42641937D00811617 /* Release */ = {
			isa = XCBuildConfiguration;
			buildSettings = {
				ASSETCATALOG_COMPILER_APPICON_NAME = AppIcon;
				ASSETCATALOG_COMPILER_GLOBAL_ACCENT_COLOR_NAME = AccentColor;
				CODE_SIGN_STYLE = Automatic;
				DEVELOPMENT_TEAM = HPM5F4QHM6;
				INFOPLIST_FILE = "Rick-and-Morty-job-test-app/Info.plist";
				LD_RUNPATH_SEARCH_PATHS = (
					"$(inherited)",
					"@executable_path/Frameworks",
				);
				PRODUCT_BUNDLE_IDENTIFIER = "MMW.Rick-and-Morty-job-test-app";
				PRODUCT_NAME = "$(TARGET_NAME)";
				SWIFT_VERSION = 5.0;
				TARGETED_DEVICE_FAMILY = "1,2";
			};
			name = Release;
		};
/* End XCBuildConfiguration section */

/* Begin XCConfigurationList section */
		A76D2D962641937A00811617 /* Build configuration list for PBXProject "Rick-and-Morty-job-test-app" */ = {
			isa = XCConfigurationList;
			buildConfigurations = (
				A76D2DB02641937D00811617 /* Debug */,
				A76D2DB12641937D00811617 /* Release */,
			);
			defaultConfigurationIsVisible = 0;
			defaultConfigurationName = Release;
		};
		A76D2DB22641937D00811617 /* Build configuration list for PBXNativeTarget "Rick-and-Morty-job-test-app" */ = {
			isa = XCConfigurationList;
			buildConfigurations = (
				A76D2DB32641937D00811617 /* Debug */,
				A76D2DB42641937D00811617 /* Release */,
			);
			defaultConfigurationIsVisible = 0;
			defaultConfigurationName = Release;
		};
/* End XCConfigurationList section */

/* Begin XCVersionGroup section */
		A76D2DA72641937A00811617 /* Rick_and_Morty_job_test_app.xcdatamodeld */ = {
			isa = XCVersionGroup;
			children = (
				A76D2DA82641937A00811617 /* Rick_and_Morty_job_test_app.xcdatamodel */,
			);
			currentVersion = A76D2DA82641937A00811617 /* Rick_and_Morty_job_test_app.xcdatamodel */;
			path = Rick_and_Morty_job_test_app.xcdatamodeld;
			sourceTree = "<group>";
			versionGroupType = wrapper.xcdatamodel;
		};
/* End XCVersionGroup section */
	};
	rootObject = A76D2D932641937A00811617 /* Project object */;
}
